// !$*UTF8*$!
{
	archiveVersion = 1;
	classes = {
	};
	objectVersion = 77;
	objects = {

/* Begin PBXContainerItemProxy section */
		146DC0642F3317E900FAC544 /* PBXContainerItemProxy */ = {
			isa = PBXContainerItemProxy;
			containerPortal = 146DC0492F3317E800FAC544 /* Project object */;
			proxyType = 1;
			remoteGlobalIDString = 146DC0502F3317E800FAC544;
			remoteInfo = GymLog_ios;
		};
		146DC06E2F3317E900FAC544 /* PBXContainerItemProxy */ = {
			isa = PBXContainerItemProxy;
			containerPortal = 146DC0492F3317E800FAC544 /* Project object */;
			proxyType = 1;
			remoteGlobalIDString = 146DC0502F3317E800FAC544;
			remoteInfo = GymLog_ios;
		};
/* End PBXContainerItemProxy section */

/* Begin PBXFileReference section */
		146DC0512F3317E800FAC544 /* GymLog_ios.app */ = {isa = PBXFileReference; explicitFileType = wrapper.application; includeInIndex = 0; path = GymLog_ios.app; sourceTree = BUILT_PRODUCTS_DIR; };
		146DC0632F3317E900FAC544 /* GymLog_iosTests.xctest */ = {isa = PBXFileReference; explicitFileType = wrapper.cfbundle; includeInIndex = 0; path = GymLog_iosTests.xctest; sourceTree = BUILT_PRODUCTS_DIR; };
		146DC06D2F3317E900FAC544 /* GymLog_iosUITests.xctest */ = {isa = PBXFileReference; explicitFileType = wrapper.cfbundle; includeInIndex = 0; path = GymLog_iosUITests.xctest; sourceTree = BUILT_PRODUCTS_DIR; };
/* End PBXFileReference section */

/* Begin PBXFileSystemSynchronizedRootGroup section */
		146DC0532F3317E800FAC544 /* GymLog_ios */ = {
			isa = PBXFileSystemSynchronizedRootGroup;
			path = GymLog_ios;
			sourceTree = "<group>";
		};
		146DC0662F3317E900FAC544 /* GymLog_iosTests */ = {
			isa = PBXFileSystemSynchronizedRootGroup;
			path = GymLog_iosTests;
			sourceTree = "<group>";
		};
		146DC0702F3317E900FAC544 /* GymLog_iosUITests */ = {
			isa = PBXFileSystemSynchronizedRootGroup;
			path = GymLog_iosUITests;
			sourceTree = "<group>";
		};
/* End PBXFileSystemSynchronizedRootGroup section */

/* Begin PBXFrameworksBuildPhase section */
		146DC04E2F3317E800FAC544 /* Frameworks */ = {
			isa = PBXFrameworksBuildPhase;
			buildActionMask = 2147483647;
			files = (
			);
			runOnlyForDeploymentPostprocessing = 0;
		};
		146DC0602F3317E900FAC544 /* Frameworks */ = {
			isa = PBXFrameworksBuildPhase;
			buildActionMask = 2147483647;
			files = (
			);
			runOnlyForDeploymentPostprocessing = 0;
		};
		146DC06A2F3317E900FAC544 /* Frameworks */ = {
			isa = PBXFrameworksBuildPhase;
			buildActionMask = 2147483647;
			files = (
			);
			runOnlyForDeploymentPostprocessing = 0;
		};
/* End PBXFrameworksBuildPhase section */

/* Begin PBXGroup section */
		146DC0482F3317E800FAC544 = {
			isa = PBXGroup;
			children = (
				146DC0532F3317E800FAC544 /* GymLog_ios */,
				146DC0662F3317E900FAC544 /* GymLog_iosTests */,
				146DC0702F3317E900FAC544 /* GymLog_iosUITests */,
				146DC0522F3317E800FAC544 /* Products */,
			);
			sourceTree = "<group>";
		};
		146DC0522F3317E800FAC544 /* Products */ = {
			isa = PBXGroup;
			children = (
				146DC0512F3317E800FAC544 /* GymLog_ios.app */,
				146DC0632F3317E900FAC544 /* GymLog_iosTests.xctest */,
				146DC06D2F3317E900FAC544 /* GymLog_iosUITests.xctest */,
			);
			name = Products;
			sourceTree = "<group>";
		};
/* End PBXGroup section */

/* Begin PBXNativeTarget section */
		146DC0502F3317E800FAC544 /* GymLog_ios */ = {
			isa = PBXNativeTarget;
			buildConfigurationList = 146DC0772F3317E900FAC544 /* Build configuration list for PBXNativeTarget "GymLog_ios" */;
			buildPhases = (
				146DC04D2F3317E800FAC544 /* Sources */,
				146DC04E2F3317E800FAC544 /* Frameworks */,
				146DC04F2F3317E800FAC544 /* Resources */,
			);
			buildRules = (
			);
			dependencies = (
			);
			fileSystemSynchronizedGroups = (
				146DC0532F3317E800FAC544 /* GymLog_ios */,
			);
			name = GymLog_ios;
			packageProductDependencies = (
			);
			productName = GymLog_ios;
			productReference = 146DC0512F3317E800FAC544 /* GymLog_ios.app */;
			productType = "com.apple.product-type.application";
		};
		146DC0622F3317E900FAC544 /* GymLog_iosTests */ = {
			isa = PBXNativeTarget;
			buildConfigurationList = 146DC07A2F3317E900FAC544 /* Build configuration list for PBXNativeTarget "GymLog_iosTests" */;
			buildPhases = (
				146DC05F2F3317E900FAC544 /* Sources */,
				146DC0602F3317E900FAC544 /* Frameworks */,
				146DC0612F3317E900FAC544 /* Resources */,
			);
			buildRules = (
			);
			dependencies = (
				146DC0652F3317E900FAC544 /* PBXTargetDependency */,
			);
			fileSystemSynchronizedGroups = (
				146DC0662F3317E900FAC544 /* GymLog_iosTests */,
			);
			name = GymLog_iosTests;
			packageProductDependencies = (
			);
			productName = GymLog_iosTests;
			productReference = 146DC0632F3317E900FAC544 /* GymLog_iosTests.xctest */;
			productType = "com.apple.product-type.bundle.unit-test";
		};
		146DC06C2F3317E900FAC544 /* GymLog_iosUITests */ = {
			isa = PBXNativeTarget;
			buildConfigurationList = 146DC07D2F3317E900FAC544 /* Build configuration list for PBXNativeTarget "GymLog_iosUITests" */;
			buildPhases = (
				146DC0692F3317E900FAC544 /* Sources */,
				146DC06A2F3317E900FAC544 /* Frameworks */,
				146DC06B2F3317E900FAC544 /* Resources */,
			);
			buildRules = (
			);
			dependencies = (
				146DC06F2F3317E900FAC544 /* PBXTargetDependency */,
			);
			fileSystemSynchronizedGroups = (
				146DC0702F3317E900FAC544 /* GymLog_iosUITests */,
			);
			name = GymLog_iosUITests;
			packageProductDependencies = (
			);
			productName = GymLog_iosUITests;
			productReference = 146DC06D2F3317E900FAC544 /* GymLog_iosUITests.xctest */;
			productType = "com.apple.product-type.bundle.ui-testing";
		};
/* End PBXNativeTarget section */

/* Begin PBXProject section */
		146DC0492F3317E800FAC544 /* Project object */ = {
			isa = PBXProject;
			attributes = {
				BuildIndependentTargetsInParallel = 1;
				LastSwiftUpdateCheck = 1620;
				LastUpgradeCheck = 1620;
				TargetAttributes = {
					146DC0502F3317E800FAC544 = {
						CreatedOnToolsVersion = 16.2;
					};
					146DC0622F3317E900FAC544 = {
						CreatedOnToolsVersion = 16.2;
						TestTargetID = 146DC0502F3317E800FAC544;
					};
					146DC06C2F3317E900FAC544 = {
						CreatedOnToolsVersion = 16.2;
						TestTargetID = 146DC0502F3317E800FAC544;
					};
				};
			};
			buildConfigurationList = 146DC04C2F3317E800FAC544 /* Build configuration list for PBXProject "GymLog_ios" */;
			developmentRegion = en;
			hasScannedForEncodings = 0;
			knownRegions = (
				en,
				Base,
			);
			mainGroup = 146DC0482F3317E800FAC544;
			minimizedProjectReferenceProxies = 1;
			preferredProjectObjectVersion = 77;
			productRefGroup = 146DC0522F3317E800FAC544 /* Products */;
			projectDirPath = "";
			projectRoot = "";
			targets = (
				146DC0502F3317E800FAC544 /* GymLog_ios */,
				146DC0622F3317E900FAC544 /* GymLog_iosTests */,
				146DC06C2F3317E900FAC544 /* GymLog_iosUITests */,
			);
		};
/* End PBXProject section */

/* Begin PBXResourcesBuildPhase section */
		146DC04F2F3317E800FAC544 /* Resources */ = {
			isa = PBXResourcesBuildPhase;
			buildActionMask = 2147483647;
			files = (
			);
			runOnlyForDeploymentPostprocessing = 0;
		};
		146DC0612F3317E900FAC544 /* Resources */ = {
			isa = PBXResourcesBuildPhase;
			buildActionMask = 2147483647;
			files = (
			);
			runOnlyForDeploymentPostprocessing = 0;
		};
		146DC06B2F3317E900FAC544 /* Resources */ = {
			isa = PBXResourcesBuildPhase;
			buildActionMask = 2147483647;
			files = (
			);
			runOnlyForDeploymentPostprocessing = 0;
		};
/* End PBXResourcesBuildPhase section */

/* Begin PBXSourcesBuildPhase section */
		146DC04D2F3317E800FAC544 /* Sources */ = {
			isa = PBXSourcesBuildPhase;
			buildActionMask = 2147483647;
			files = (
			);
			runOnlyForDeploymentPostprocessing = 0;
		};
		146DC05F2F3317E900FAC544 /* Sources */ = {
			isa = PBXSourcesBuildPhase;
			buildActionMask = 2147483647;
			files = (
			);
			runOnlyForDeploymentPostprocessing = 0;
		};
		146DC0692F3317E900FAC544 /* Sources */ = {
			isa = PBXSourcesBuildPhase;
			buildActionMask = 2147483647;
			files = (
			);
			runOnlyForDeploymentPostprocessing = 0;
		};
/* End PBXSourcesBuildPhase section */

/* Begin PBXTargetDependency section */
		146DC0652F3317E900FAC544 /* PBXTargetDependency */ = {
			isa = PBXTargetDependency;
			target = 146DC0502F3317E800FAC544 /* GymLog_ios */;
			targetProxy = 146DC0642F3317E900FAC544 /* PBXContainerItemProxy */;
		};
		146DC06F2F3317E900FAC544 /* PBXTargetDependency */ = {
			isa = PBXTargetDependency;
			target = 146DC0502F3317E800FAC544 /* GymLog_ios */;
			targetProxy = 146DC06E2F3317E900FAC544 /* PBXContainerItemProxy */;
		};
/* End PBXTargetDependency section */

/* Begin XCBuildConfiguration section */
		146DC0752F3317E900FAC544 /* Debug */ = {
			isa = XCBuildConfiguration;
			buildSettings = {
				ALWAYS_SEARCH_USER_PATHS = NO;
				ASSETCATALOG_COMPILER_GENERATE_SWIFT_ASSET_SYMBOL_EXTENSIONS = YES;
				CLANG_ANALYZER_NONNULL = YES;
				CLANG_ANALYZER_NUMBER_OBJECT_CONVERSION = YES_AGGRESSIVE;
				CLANG_CXX_LANGUAGE_STANDARD = "gnu++20";
				CLANG_ENABLE_MODULES = YES;
				CLANG_ENABLE_OBJC_ARC = YES;
				CLANG_ENABLE_OBJC_WEAK = YES;
				CLANG_WARN_BLOCK_CAPTURE_AUTORELEASING = YES;
				CLANG_WARN_BOOL_CONVERSION = YES;
				CLANG_WARN_COMMA = YES;
				CLANG_WARN_CONSTANT_CONVERSION = YES;
				CLANG_WARN_DEPRECATED_OBJC_IMPLEMENTATIONS = YES;
				CLANG_WARN_DIRECT_OBJC_ISA_USAGE = YES_ERROR;
				CLANG_WARN_DOCUMENTATION_COMMENTS = YES;
				CLANG_WARN_EMPTY_BODY = YES;
				CLANG_WARN_ENUM_CONVERSION = YES;
				CLANG_WARN_INFINITE_RECURSION = YES;
				CLANG_WARN_INT_CONVERSION = YES;
				CLANG_WARN_NON_LITERAL_NULL_CONVERSION = YES;
				CLANG_WARN_OBJC_IMPLICIT_RETAIN_SELF = YES;
				CLANG_WARN_OBJC_LITERAL_CONVERSION = YES;
				CLANG_WARN_OBJC_ROOT_CLASS = YES_ERROR;
				CLANG_WARN_QUOTED_INCLUDE_IN_FRAMEWORK_HEADER = YES;
				CLANG_WARN_RANGE_LOOP_ANALYSIS = YES;
				CLANG_WARN_STRICT_PROTOTYPES = YES;
				CLANG_WARN_SUSPICIOUS_MOVE = YES;
				CLANG_WARN_UNGUARDED_AVAILABILITY = YES_AGGRESSIVE;
				CLANG_WARN_UNREACHABLE_CODE = YES;
				CLANG_WARN__DUPLICATE_METHOD_MATCH = YES;
				COPY_PHASE_STRIP = NO;
				DEBUG_INFORMATION_FORMAT = dwarf;
				ENABLE_STRICT_OBJC_MSGSEND = YES;
				ENABLE_TESTABILITY = YES;
				ENABLE_USER_SCRIPT_SANDBOXING = YES;
				GCC_C_LANGUAGE_STANDARD = gnu17;
				GCC_DYNAMIC_NO_PIC = NO;
				GCC_NO_COMMON_BLOCKS = YES;
				GCC_OPTIMIZATION_LEVEL = 0;
				GCC_PREPROCESSOR_DEFINITIONS = (
					"DEBUG=1",
					"$(inherited)",
				);
				GCC_WARN_64_TO_32_BIT_CONVERSION = YES;
				GCC_WARN_ABOUT_RETURN_TYPE = YES_ERROR;
				GCC_WARN_UNDECLARED_SELECTOR = YES;
				GCC_WARN_UNINITIALIZED_AUTOS = YES_AGGRESSIVE;
				GCC_WARN_UNUSED_FUNCTION = YES;
				GCC_WARN_UNUSED_VARIABLE = YES;
				IPHONEOS_DEPLOYMENT_TARGET = 18.2;
				LOCALIZATION_PREFERS_STRING_CATALOGS = YES;
				MTL_ENABLE_DEBUG_INFO = INCLUDE_SOURCE;
				MTL_FAST_MATH = YES;
				ONLY_ACTIVE_ARCH = YES;
				SDKROOT = iphoneos;
				SWIFT_ACTIVE_COMPILATION_CONDITIONS = "DEBUG $(inherited)";
				SWIFT_OPTIMIZATION_LEVEL = "-Onone";
			};
			name = Debug;
		};
		146DC0762F3317E900FAC544 /* Release */ = {
			isa = XCBuildConfiguration;
			buildSettings = {
				ALWAYS_SEARCH_USER_PATHS = NO;
				ASSETCATALOG_COMPILER_GENERATE_SWIFT_ASSET_SYMBOL_EXTENSIONS = YES;
				CLANG_ANALYZER_NONNULL = YES;
				CLANG_ANALYZER_NUMBER_OBJECT_CONVERSION = YES_AGGRESSIVE;
				CLANG_CXX_LANGUAGE_STANDARD = "gnu++20";
				CLANG_ENABLE_MODULES = YES;
				CLANG_ENABLE_OBJC_ARC = YES;
				CLANG_ENABLE_OBJC_WEAK = YES;
				CLANG_WARN_BLOCK_CAPTURE_AUTORELEASING = YES;
				CLANG_WARN_BOOL_CONVERSION = YES;
				CLANG_WARN_COMMA = YES;
				CLANG_WARN_CONSTANT_CONVERSION = YES;
				CLANG_WARN_DEPRECATED_OBJC_IMPLEMENTATIONS = YES;
				CLANG_WARN_DIRECT_OBJC_ISA_USAGE = YES_ERROR;
				CLANG_WARN_DOCUMENTATION_COMMENTS = YES;
				CLANG_WARN_EMPTY_BODY = YES;
				CLANG_WARN_ENUM_CONVERSION = YES;
				CLANG_WARN_INFINITE_RECURSION = YES;
				CLANG_WARN_INT_CONVERSION = YES;
				CLANG_WARN_NON_LITERAL_NULL_CONVERSION = YES;
				CLANG_WARN_OBJC_IMPLICIT_RETAIN_SELF = YES;
				CLANG_WARN_OBJC_LITERAL_CONVERSION = YES;
				CLANG_WARN_OBJC_ROOT_CLASS = YES_ERROR;
				CLANG_WARN_QUOTED_INCLUDE_IN_FRAMEWORK_HEADER = YES;
				CLANG_WARN_RANGE_LOOP_ANALYSIS = YES;
				CLANG_WARN_STRICT_PROTOTYPES = YES;
				CLANG_WARN_SUSPICIOUS_MOVE = YES;
				CLANG_WARN_UNGUARDED_AVAILABILITY = YES_AGGRESSIVE;
				CLANG_WARN_UNREACHABLE_CODE = YES;
				CLANG_WARN__DUPLICATE_METHOD_MATCH = YES;
				COPY_PHASE_STRIP = NO;
				DEBUG_INFORMATION_FORMAT = "dwarf-with-dsym";
				ENABLE_NS_ASSERTIONS = NO;
				ENABLE_STRICT_OBJC_MSGSEND = YES;
				ENABLE_USER_SCRIPT_SANDBOXING = YES;
				GCC_C_LANGUAGE_STANDARD = gnu17;
				GCC_NO_COMMON_BLOCKS = YES;
				GCC_WARN_64_TO_32_BIT_CONVERSION = YES;
				GCC_WARN_ABOUT_RETURN_TYPE = YES_ERROR;
				GCC_WARN_UNDECLARED_SELECTOR = YES;
				GCC_WARN_UNINITIALIZED_AUTOS = YES_AGGRESSIVE;
				GCC_WARN_UNUSED_FUNCTION = YES;
				GCC_WARN_UNUSED_VARIABLE = YES;
				IPHONEOS_DEPLOYMENT_TARGET = 18.2;
				LOCALIZATION_PREFERS_STRING_CATALOGS = YES;
				MTL_ENABLE_DEBUG_INFO = NO;
				MTL_FAST_MATH = YES;
				SDKROOT = iphoneos;
				SWIFT_COMPILATION_MODE = wholemodule;
				VALIDATE_PRODUCT = YES;
			};
			name = Release;
		};
		146DC0782F3317E900FAC544 /* Debug */ = {
			isa = XCBuildConfiguration;
			buildSettings = {
				ASSETCATALOG_COMPILER_APPICON_NAME = AppIcon;
				ASSETCATALOG_COMPILER_GLOBAL_ACCENT_COLOR_NAME = AccentColor;
				CODE_SIGN_STYLE = Automatic;
				CURRENT_PROJECT_VERSION = 1;
				DEVELOPMENT_ASSET_PATHS = "\"GymLog_ios/Preview Content\"";
				DEVELOPMENT_TEAM = 56YSB366Q9;
				ENABLE_PREVIEWS = YES;
				GENERATE_INFOPLIST_FILE = YES;
				INFOPLIST_KEY_UIApplicationSceneManifest_Generation = YES;
				INFOPLIST_KEY_UIApplicationSupportsIndirectInputEvents = YES;
				INFOPLIST_KEY_UILaunchScreen_Generation = YES;
				INFOPLIST_KEY_UISupportedInterfaceOrientations_iPad = "UIInterfaceOrientationPortrait UIInterfaceOrientationPortraitUpsideDown UIInterfaceOrientationLandscapeLeft UIInterfaceOrientationLandscapeRight";
				INFOPLIST_KEY_UISupportedInterfaceOrientations_iPhone = "UIInterfaceOrientationPortrait UIInterfaceOrientationLandscapeLeft UIInterfaceOrientationLandscapeRight";
				LD_RUNPATH_SEARCH_PATHS = (
					"$(inherited)",
					"@executable_path/Frameworks",
				);
				MARKETING_VERSION = 1.0;
				PRODUCT_BUNDLE_IDENTIFIER = "Kaixiang-Liu.GymLog-ios";
				PRODUCT_NAME = "$(TARGET_NAME)";
				SWIFT_EMIT_LOC_STRINGS = YES;
				SWIFT_VERSION = 5.0;
				TARGETED_DEVICE_FAMILY = "1,2";
			};
			name = Debug;
		};
		146DC0792F3317E900FAC544 /* Release */ = {
			isa = XCBuildConfiguration;
			buildSettings = {
				ASSETCATALOG_COMPILER_APPICON_NAME = AppIcon;
				ASSETCATALOG_COMPILER_GLOBAL_ACCENT_COLOR_NAME = AccentColor;
				CODE_SIGN_STYLE = Automatic;
				CURRENT_PROJECT_VERSION = 1;
				DEVELOPMENT_ASSET_PATHS = "\"GymLog_ios/Preview Content\"";
				DEVELOPMENT_TEAM = 56YSB366Q9;
				ENABLE_PREVIEWS = YES;
				GENERATE_INFOPLIST_FILE = YES;
				INFOPLIST_KEY_UIApplicationSceneManifest_Generation = YES;
				INFOPLIST_KEY_UIApplicationSupportsIndirectInputEvents = YES;
				INFOPLIST_KEY_UILaunchScreen_Generation = YES;
				INFOPLIST_KEY_UISupportedInterfaceOrientations_iPad = "UIInterfaceOrientationPortrait UIInterfaceOrientationPortraitUpsideDown UIInterfaceOrientationLandscapeLeft UIInterfaceOrientationLandscapeRight";
				INFOPLIST_KEY_UISupportedInterfaceOrientations_iPhone = "UIInterfaceOrientationPortrait UIInterfaceOrientationLandscapeLeft UIInterfaceOrientationLandscapeRight";
				LD_RUNPATH_SEARCH_PATHS = (
					"$(inherited)",
					"@executable_path/Frameworks",
				);
				MARKETING_VERSION = 1.0;
				PRODUCT_BUNDLE_IDENTIFIER = "Kaixiang-Liu.GymLog-ios";
				PRODUCT_NAME = "$(TARGET_NAME)";
				SWIFT_EMIT_LOC_STRINGS = YES;
				SWIFT_VERSION = 5.0;
				TARGETED_DEVICE_FAMILY = "1,2";
			};
			name = Release;
		};
		146DC07B2F3317E900FAC544 /* Debug */ = {
			isa = XCBuildConfiguration;
			buildSettings = {
				BUNDLE_LOADER = "$(TEST_HOST)";
				CODE_SIGN_STYLE = Automatic;
				CURRENT_PROJECT_VERSION = 1;
				GENERATE_INFOPLIST_FILE = YES;
				IPHONEOS_DEPLOYMENT_TARGET = 18.2;
				MARKETING_VERSION = 1.0;
				PRODUCT_BUNDLE_IDENTIFIER = "Kaixiang-Liu.GymLog-iosTests";
				PRODUCT_NAME = "$(TARGET_NAME)";
				SWIFT_EMIT_LOC_STRINGS = NO;
				SWIFT_VERSION = 5.0;
				TARGETED_DEVICE_FAMILY = "1,2";
				TEST_HOST = "$(BUILT_PRODUCTS_DIR)/GymLog_ios.app/$(BUNDLE_EXECUTABLE_FOLDER_PATH)/GymLog_ios";
			};
			name = Debug;
		};
		146DC07C2F3317E900FAC544 /* Release */ = {
			isa = XCBuildConfiguration;
			buildSettings = {
				BUNDLE_LOADER = "$(TEST_HOST)";
				CODE_SIGN_STYLE = Automatic;
				CURRENT_PROJECT_VERSION = 1;
				GENERATE_INFOPLIST_FILE = YES;
				IPHONEOS_DEPLOYMENT_TARGET = 18.2;
				MARKETING_VERSION = 1.0;
				PRODUCT_BUNDLE_IDENTIFIER = "Kaixiang-Liu.GymLog-iosTests";
				PRODUCT_NAME = "$(TARGET_NAME)";
				SWIFT_EMIT_LOC_STRINGS = NO;
				SWIFT_VERSION = 5.0;
				TARGETED_DEVICE_FAMILY = "1,2";
				TEST_HOST = "$(BUILT_PRODUCTS_DIR)/GymLog_ios.app/$(BUNDLE_EXECUTABLE_FOLDER_PATH)/GymLog_ios";
			};
			name = Release;
		};
		146DC07E2F3317E900FAC544 /* Debug */ = {
			isa = XCBuildConfiguration;
			buildSettings = {
				CODE_SIGN_STYLE = Automatic;
				CURRENT_PROJECT_VERSION = 1;
				GENERATE_INFOPLIST_FILE = YES;
				MARKETING_VERSION = 1.0;
				PRODUCT_BUNDLE_IDENTIFIER = "Kaixiang-Liu.GymLog-iosUITests";
				PRODUCT_NAME = "$(TARGET_NAME)";
				SWIFT_EMIT_LOC_STRINGS = NO;
				SWIFT_VERSION = 5.0;
				TARGETED_DEVICE_FAMILY = "1,2";
				TEST_TARGET_NAME = GymLog_ios;
			};
			name = Debug;
		};
		146DC07F2F3317E900FAC544 /* Release */ = {
			isa = XCBuildConfiguration;
			buildSettings = {
				CODE_SIGN_STYLE = Automatic;
				CURRENT_PROJECT_VERSION = 1;
				GENERATE_INFOPLIST_FILE = YES;
				MARKETING_VERSION = 1.0;
				PRODUCT_BUNDLE_IDENTIFIER = "Kaixiang-Liu.GymLog-iosUITests";
				PRODUCT_NAME = "$(TARGET_NAME)";
				SWIFT_EMIT_LOC_STRINGS = NO;
				SWIFT_VERSION = 5.0;
				TARGETED_DEVICE_FAMILY = "1,2";
				TEST_TARGET_NAME = GymLog_ios;
			};
			name = Release;
		};
/* End XCBuildConfiguration section */

/* Begin XCConfigurationList section */
		146DC04C2F3317E800FAC544 /* Build configuration list for PBXProject "GymLog_ios" */ = {
			isa = XCConfigurationList;
			buildConfigurations = (
				146DC0752F3317E900FAC544 /* Debug */,
				146DC0762F3317E900FAC544 /* Release */,
			);
			defaultConfigurationIsVisible = 0;
			defaultConfigurationName = Release;
		};
		146DC0772F3317E900FAC544 /* Build configuration list for PBXNativeTarget "GymLog_ios" */ = {
			isa = XCConfigurationList;
			buildConfigurations = (
				146DC0782F3317E900FAC544 /* Debug */,
				146DC0792F3317E900FAC544 /* Release */,
			);
			defaultConfigurationIsVisible = 0;
			defaultConfigurationName = Release;
		};
		146DC07A2F3317E900FAC544 /* Build configuration list for PBXNativeTarget "GymLog_iosTests" */ = {
			isa = XCConfigurationList;
			buildConfigurations = (
				146DC07B2F3317E900FAC544 /* Debug */,
				146DC07C2F3317E900FAC544 /* Release */,
			);
			defaultConfigurationIsVisible = 0;
			defaultConfigurationName = Release;
		};
		146DC07D2F3317E900FAC544 /* Build configuration list for PBXNativeTarget "GymLog_iosUITests" */ = {
			isa = XCConfigurationList;
			buildConfigurations = (
				146DC07E2F3317E900FAC544 /* Debug */,
				146DC07F2F3317E900FAC544 /* Release */,
			);
			defaultConfigurationIsVisible = 0;
			defaultConfigurationName = Release;
		};
/* End XCConfigurationList section */
	};
	rootObject = 146DC0492F3317E800FAC544 /* Project object */;
}
